// !$*UTF8*$!
{
	archiveVersion = 1;
	classes = {
	};
	objectVersion = 56;
	objects = {

/* Begin PBXBuildFile section */
		71AD04892CC2A38F00EFA9A3 /* NetworkingDemoApp.swift in Sources */ = {isa = PBXBuildFile; fileRef = 71AD04882CC2A38F00EFA9A3 /* NetworkingDemoApp.swift */; };
		71AD048B2CC2A38F00EFA9A3 /* ContentView.swift in Sources */ = {isa = PBXBuildFile; fileRef = 71AD048A2CC2A38F00EFA9A3 /* ContentView.swift */; };
		71AD048D2CC2A39100EFA9A3 /* Assets.xcassets in Resources */ = {isa = PBXBuildFile; fileRef = 71AD048C2CC2A39100EFA9A3 /* Assets.xcassets */; };
		71AD04902CC2A39100EFA9A3 /* Preview Assets.xcassets in Resources */ = {isa = PBXBuildFile; fileRef = 71AD048F2CC2A39100EFA9A3 /* Preview Assets.xcassets */; };
		71AD049A2CC2A39200EFA9A3 /* NetworkingDemoTests.swift in Sources */ = {isa = PBXBuildFile; fileRef = 71AD04992CC2A39200EFA9A3 /* NetworkingDemoTests.swift */; };
		71AD04A42CC2A39200EFA9A3 /* NetworkingDemoUITests.swift in Sources */ = {isa = PBXBuildFile; fileRef = 71AD04A32CC2A39200EFA9A3 /* NetworkingDemoUITests.swift */; };
		71AD04A62CC2A39200EFA9A3 /* NetworkingDemoUITestsLaunchTests.swift in Sources */ = {isa = PBXBuildFile; fileRef = 71AD04A52CC2A39200EFA9A3 /* NetworkingDemoUITestsLaunchTests.swift */; };
/* End PBXBuildFile section */

/* Begin PBXContainerItemProxy section */
		71AD04962CC2A39200EFA9A3 /* PBXContainerItemProxy */ = {
			isa = PBXContainerItemProxy;
			containerPortal = 71AD047D2CC2A38F00EFA9A3 /* Project object */;
			proxyType = 1;
			remoteGlobalIDString = 71AD04842CC2A38F00EFA9A3;
			remoteInfo = NetworkingDemo;
		};
		71AD04A02CC2A39200EFA9A3 /* PBXContainerItemProxy */ = {
			isa = PBXContainerItemProxy;
			containerPortal = 71AD047D2CC2A38F00EFA9A3 /* Project object */;
			proxyType = 1;
			remoteGlobalIDString = 71AD04842CC2A38F00EFA9A3;
			remoteInfo = NetworkingDemo;
		};
/* End PBXContainerItemProxy section */

/* Begin PBXFileReference section */
		71AD04852CC2A38F00EFA9A3 /* NetworkingDemo.app */ = {isa = PBXFileReference; explicitFileType = wrapper.application; includeInIndex = 0; path = NetworkingDemo.app; sourceTree = BUILT_PRODUCTS_DIR; };
		71AD04882CC2A38F00EFA9A3 /* NetworkingDemoApp.swift */ = {isa = PBXFileReference; lastKnownFileType = sourcecode.swift; path = NetworkingDemoApp.swift; sourceTree = "<group>"; };
		71AD048A2CC2A38F00EFA9A3 /* ContentView.swift */ = {isa = PBXFileReference; lastKnownFileType = sourcecode.swift; path = ContentView.swift; sourceTree = "<group>"; };
		71AD048C2CC2A39100EFA9A3 /* Assets.xcassets */ = {isa = PBXFileReference; lastKnownFileType = folder.assetcatalog; path = Assets.xcassets; sourceTree = "<group>"; };
		71AD048F2CC2A39100EFA9A3 /* Preview Assets.xcassets */ = {isa = PBXFileReference; lastKnownFileType = folder.assetcatalog; path = "Preview Assets.xcassets"; sourceTree = "<group>"; };
		71AD04952CC2A39200EFA9A3 /* NetworkingDemoTests.xctest */ = {isa = PBXFileReference; explicitFileType = wrapper.cfbundle; includeInIndex = 0; path = NetworkingDemoTests.xctest; sourceTree = BUILT_PRODUCTS_DIR; };
		71AD04992CC2A39200EFA9A3 /* NetworkingDemoTests.swift */ = {isa = PBXFileReference; lastKnownFileType = sourcecode.swift; path = NetworkingDemoTests.swift; sourceTree = "<group>"; };
		71AD049F2CC2A39200EFA9A3 /* NetworkingDemoUITests.xctest */ = {isa = PBXFileReference; explicitFileType = wrapper.cfbundle; includeInIndex = 0; path = NetworkingDemoUITests.xctest; sourceTree = BUILT_PRODUCTS_DIR; };
		71AD04A32CC2A39200EFA9A3 /* NetworkingDemoUITests.swift */ = {isa = PBXFileReference; lastKnownFileType = sourcecode.swift; path = NetworkingDemoUITests.swift; sourceTree = "<group>"; };
		71AD04A52CC2A39200EFA9A3 /* NetworkingDemoUITestsLaunchTests.swift */ = {isa = PBXFileReference; lastKnownFileType = sourcecode.swift; path = NetworkingDemoUITestsLaunchTests.swift; sourceTree = "<group>"; };
/* End PBXFileReference section */

/* Begin PBXFrameworksBuildPhase section */
		71AD04822CC2A38F00EFA9A3 /* Frameworks */ = {
			isa = PBXFrameworksBuildPhase;
			buildActionMask = 2147483647;
			files = (
			);
			runOnlyForDeploymentPostprocessing = 0;
		};
		71AD04922CC2A39200EFA9A3 /* Frameworks */ = {
			isa = PBXFrameworksBuildPhase;
			buildActionMask = 2147483647;
			files = (
			);
			runOnlyForDeploymentPostprocessing = 0;
		};
		71AD049C2CC2A39200EFA9A3 /* Frameworks */ = {
			isa = PBXFrameworksBuildPhase;
			buildActionMask = 2147483647;
			files = (
			);
			runOnlyForDeploymentPostprocessing = 0;
		};
/* End PBXFrameworksBuildPhase section */

/* Begin PBXGroup section */
		71AD047C2CC2A38F00EFA9A3 = {
			isa = PBXGroup;
			children = (
				71AD04872CC2A38F00EFA9A3 /* NetworkingDemo */,
				71AD04982CC2A39200EFA9A3 /* NetworkingDemoTests */,
				71AD04A22CC2A39200EFA9A3 /* NetworkingDemoUITests */,
				71AD04862CC2A38F00EFA9A3 /* Products */,
			);
			sourceTree = "<group>";
		};
		71AD04862CC2A38F00EFA9A3 /* Products */ = {
			isa = PBXGroup;
			children = (
				71AD04852CC2A38F00EFA9A3 /* NetworkingDemo.app */,
				71AD04952CC2A39200EFA9A3 /* NetworkingDemoTests.xctest */,
				71AD049F2CC2A39200EFA9A3 /* NetworkingDemoUITests.xctest */,
			);
			name = Products;
			sourceTree = "<group>";
		};
		71AD04872CC2A38F00EFA9A3 /* NetworkingDemo */ = {
			isa = PBXGroup;
			children = (
				71AD04882CC2A38F00EFA9A3 /* NetworkingDemoApp.swift */,
				71AD048A2CC2A38F00EFA9A3 /* ContentView.swift */,
				71AD048C2CC2A39100EFA9A3 /* Assets.xcassets */,
				71AD048E2CC2A39100EFA9A3 /* Preview Content */,
			);
			path = NetworkingDemo;
			sourceTree = "<group>";
		};
		71AD048E2CC2A39100EFA9A3 /* Preview Content */ = {
			isa = PBXGroup;
			children = (
				71AD048F2CC2A39100EFA9A3 /* Preview Assets.xcassets */,
			);
			path = "Preview Content";
			sourceTree = "<group>";
		};
		71AD04982CC2A39200EFA9A3 /* NetworkingDemoTests */ = {
			isa = PBXGroup;
			children = (
				71AD04992CC2A39200EFA9A3 /* NetworkingDemoTests.swift */,
			);
			path = NetworkingDemoTests;
			sourceTree = "<group>";
		};
		71AD04A22CC2A39200EFA9A3 /* NetworkingDemoUITests */ = {
			isa = PBXGroup;
			children = (
				71AD04A32CC2A39200EFA9A3 /* NetworkingDemoUITests.swift */,
				71AD04A52CC2A39200EFA9A3 /* NetworkingDemoUITestsLaunchTests.swift */,
			);
			path = NetworkingDemoUITests;
			sourceTree = "<group>";
		};
/* End PBXGroup section */

/* Begin PBXNativeTarget section */
		71AD04842CC2A38F00EFA9A3 /* NetworkingDemo */ = {
			isa = PBXNativeTarget;
			buildConfigurationList = 71AD04A92CC2A39200EFA9A3 /* Build configuration list for PBXNativeTarget "NetworkingDemo" */;
			buildPhases = (
				71AD04812CC2A38F00EFA9A3 /* Sources */,
				71AD04822CC2A38F00EFA9A3 /* Frameworks */,
				71AD04832CC2A38F00EFA9A3 /* Resources */,
			);
			buildRules = (
			);
			dependencies = (
			);
			name = NetworkingDemo;
			productName = NetworkingDemo;
			productReference = 71AD04852CC2A38F00EFA9A3 /* NetworkingDemo.app */;
			productType = "com.apple.product-type.application";
		};
		71AD04942CC2A39200EFA9A3 /* NetworkingDemoTests */ = {
			isa = PBXNativeTarget;
			buildConfigurationList = 71AD04AC2CC2A39200EFA9A3 /* Build configuration list for PBXNativeTarget "NetworkingDemoTests" */;
			buildPhases = (
				71AD04912CC2A39200EFA9A3 /* Sources */,
				71AD04922CC2A39200EFA9A3 /* Frameworks */,
				71AD04932CC2A39200EFA9A3 /* Resources */,
			);
			buildRules = (
			);
			dependencies = (
				71AD04972CC2A39200EFA9A3 /* PBXTargetDependency */,
			);
			name = NetworkingDemoTests;
			productName = NetworkingDemoTests;
			productReference = 71AD04952CC2A39200EFA9A3 /* NetworkingDemoTests.xctest */;
			productType = "com.apple.product-type.bundle.unit-test";
		};
		71AD049E2CC2A39200EFA9A3 /* NetworkingDemoUITests */ = {
			isa = PBXNativeTarget;
			buildConfigurationList = 71AD04AF2CC2A39200EFA9A3 /* Build configuration list for PBXNativeTarget "NetworkingDemoUITests" */;
			buildPhases = (
				71AD049B2CC2A39200EFA9A3 /* Sources */,
				71AD049C2CC2A39200EFA9A3 /* Frameworks */,
				71AD049D2CC2A39200EFA9A3 /* Resources */,
			);
			buildRules = (
			);
			dependencies = (
				71AD04A12CC2A39200EFA9A3 /* PBXTargetDependency */,
			);
			name = NetworkingDemoUITests;
			productName = NetworkingDemoUITests;
			productReference = 71AD049F2CC2A39200EFA9A3 /* NetworkingDemoUITests.xctest */;
			productType = "com.apple.product-type.bundle.ui-testing";
		};
/* End PBXNativeTarget section */

/* Begin PBXProject section */
		71AD047D2CC2A38F00EFA9A3 /* Project object */ = {
			isa = PBXProject;
			attributes = {
				BuildIndependentTargetsInParallel = 1;
				LastSwiftUpdateCheck = 1520;
				LastUpgradeCheck = 1520;
				TargetAttributes = {
					71AD04842CC2A38F00EFA9A3 = {
						CreatedOnToolsVersion = 15.2;
					};
					71AD04942CC2A39200EFA9A3 = {
						CreatedOnToolsVersion = 15.2;
						TestTargetID = 71AD04842CC2A38F00EFA9A3;
					};
					71AD049E2CC2A39200EFA9A3 = {
						CreatedOnToolsVersion = 15.2;
						TestTargetID = 71AD04842CC2A38F00EFA9A3;
					};
				};
			};
			buildConfigurationList = 71AD04802CC2A38F00EFA9A3 /* Build configuration list for PBXProject "NetworkingDemo" */;
			compatibilityVersion = "Xcode 14.0";
			developmentRegion = en;
			hasScannedForEncodings = 0;
			knownRegions = (
				en,
				Base,
			);
			mainGroup = 71AD047C2CC2A38F00EFA9A3;
			productRefGroup = 71AD04862CC2A38F00EFA9A3 /* Products */;
			projectDirPath = "";
			projectRoot = "";
			targets = (
				71AD04842CC2A38F00EFA9A3 /* NetworkingDemo */,
				71AD04942CC2A39200EFA9A3 /* NetworkingDemoTests */,
				71AD049E2CC2A39200EFA9A3 /* NetworkingDemoUITests */,
			);
		};
/* End PBXProject section */

/* Begin PBXResourcesBuildPhase section */
		71AD04832CC2A38F00EFA9A3 /* Resources */ = {
			isa = PBXResourcesBuildPhase;
			buildActionMask = 2147483647;
			files = (
				71AD04902CC2A39100EFA9A3 /* Preview Assets.xcassets in Resources */,
				71AD048D2CC2A39100EFA9A3 /* Assets.xcassets in Resources */,
			);
			runOnlyForDeploymentPostprocessing = 0;
		};
		71AD04932CC2A39200EFA9A3 /* Resources */ = {
			isa = PBXResourcesBuildPhase;
			buildActionMask = 2147483647;
			files = (
			);
			runOnlyForDeploymentPostprocessing = 0;
		};
		71AD049D2CC2A39200EFA9A3 /* Resources */ = {
			isa = PBXResourcesBuildPhase;
			buildActionMask = 2147483647;
			files = (
			);
			runOnlyForDeploymentPostprocessing = 0;
		};
/* End PBXResourcesBuildPhase section */

/* Begin PBXSourcesBuildPhase section */
		71AD04812CC2A38F00EFA9A3 /* Sources */ = {
			isa = PBXSourcesBuildPhase;
			buildActionMask = 2147483647;
			files = (
				71AD048B2CC2A38F00EFA9A3 /* ContentView.swift in Sources */,
				71AD04892CC2A38F00EFA9A3 /* NetworkingDemoApp.swift in Sources */,
			);
			runOnlyForDeploymentPostprocessing = 0;
		};
		71AD04912CC2A39200EFA9A3 /* Sources */ = {
			isa = PBXSourcesBuildPhase;
			buildActionMask = 2147483647;
			files = (
				71AD049A2CC2A39200EFA9A3 /* NetworkingDemoTests.swift in Sources */,
			);
			runOnlyForDeploymentPostprocessing = 0;
		};
		71AD049B2CC2A39200EFA9A3 /* Sources */ = {
			isa = PBXSourcesBuildPhase;
			buildActionMask = 2147483647;
			files = (
				71AD04A42CC2A39200EFA9A3 /* NetworkingDemoUITests.swift in Sources */,
				71AD04A62CC2A39200EFA9A3 /* NetworkingDemoUITestsLaunchTests.swift in Sources */,
			);
			runOnlyForDeploymentPostprocessing = 0;
		};
/* End PBXSourcesBuildPhase section */

/* Begin PBXTargetDependency section */
		71AD04972CC2A39200EFA9A3 /* PBXTargetDependency */ = {
			isa = PBXTargetDependency;
			target = 71AD04842CC2A38F00EFA9A3 /* NetworkingDemo */;
			targetProxy = 71AD04962CC2A39200EFA9A3 /* PBXContainerItemProxy */;
		};
		71AD04A12CC2A39200EFA9A3 /* PBXTargetDependency */ = {
			isa = PBXTargetDependency;
			target = 71AD04842CC2A38F00EFA9A3 /* NetworkingDemo */;
			targetProxy = 71AD04A02CC2A39200EFA9A3 /* PBXContainerItemProxy */;
		};
/* End PBXTargetDependency section */

/* Begin XCBuildConfiguration section */
		71AD04A72CC2A39200EFA9A3 /* Debug */ = {
			isa = XCBuildConfiguration;
			buildSettings = {
				ALWAYS_SEARCH_USER_PATHS = NO;
				ASSETCATALOG_COMPILER_GENERATE_SWIFT_ASSET_SYMBOL_EXTENSIONS = YES;
				CLANG_ANALYZER_NONNULL = YES;
				CLANG_ANALYZER_NUMBER_OBJECT_CONVERSION = YES_AGGRESSIVE;
				CLANG_CXX_LANGUAGE_STANDARD = "gnu++20";
				CLANG_ENABLE_MODULES = YES;
				CLANG_ENABLE_OBJC_ARC = YES;
				CLANG_ENABLE_OBJC_WEAK = YES;
				CLANG_WARN_BLOCK_CAPTURE_AUTORELEASING = YES;
				CLANG_WARN_BOOL_CONVERSION = YES;
				CLANG_WARN_COMMA = YES;
				CLANG_WARN_CONSTANT_CONVERSION = YES;
				CLANG_WARN_DEPRECATED_OBJC_IMPLEMENTATIONS = YES;
				CLANG_WARN_DIRECT_OBJC_ISA_USAGE = YES_ERROR;
				CLANG_WARN_DOCUMENTATION_COMMENTS = YES;
				CLANG_WARN_EMPTY_BODY = YES;
				CLANG_WARN_ENUM_CONVERSION = YES;
				CLANG_WARN_INFINITE_RECURSION = YES;
				CLANG_WARN_INT_CONVERSION = YES;
				CLANG_WARN_NON_LITERAL_NULL_CONVERSION = YES;
				CLANG_WARN_OBJC_IMPLICIT_RETAIN_SELF = YES;
				CLANG_WARN_OBJC_LITERAL_CONVERSION = YES;
				CLANG_WARN_OBJC_ROOT_CLASS = YES_ERROR;
				CLANG_WARN_QUOTED_INCLUDE_IN_FRAMEWORK_HEADER = YES;
				CLANG_WARN_RANGE_LOOP_ANALYSIS = YES;
				CLANG_WARN_STRICT_PROTOTYPES = YES;
				CLANG_WARN_SUSPICIOUS_MOVE = YES;
				CLANG_WARN_UNGUARDED_AVAILABILITY = YES_AGGRESSIVE;
				CLANG_WARN_UNREACHABLE_CODE = YES;
				CLANG_WARN__DUPLICATE_METHOD_MATCH = YES;
				COPY_PHASE_STRIP = NO;
				DEBUG_INFORMATION_FORMAT = dwarf;
				ENABLE_STRICT_OBJC_MSGSEND = YES;
				ENABLE_TESTABILITY = YES;
				ENABLE_USER_SCRIPT_SANDBOXING = YES;
				GCC_C_LANGUAGE_STANDARD = gnu17;
				GCC_DYNAMIC_NO_PIC = NO;
				GCC_NO_COMMON_BLOCKS = YES;
				GCC_OPTIMIZATION_LEVEL = 0;
				GCC_PREPROCESSOR_DEFINITIONS = (
					"DEBUG=1",
					"$(inherited)",
				);
				GCC_WARN_64_TO_32_BIT_CONVERSION = YES;
				GCC_WARN_ABOUT_RETURN_TYPE = YES_ERROR;
				GCC_WARN_UNDECLARED_SELECTOR = YES;
				GCC_WARN_UNINITIALIZED_AUTOS = YES_AGGRESSIVE;
				GCC_WARN_UNUSED_FUNCTION = YES;
				GCC_WARN_UNUSED_VARIABLE = YES;
				IPHONEOS_DEPLOYMENT_TARGET = 17.2;
				LOCALIZATION_PREFERS_STRING_CATALOGS = YES;
				MTL_ENABLE_DEBUG_INFO = INCLUDE_SOURCE;
				MTL_FAST_MATH = YES;
				ONLY_ACTIVE_ARCH = YES;
				SDKROOT = iphoneos;
				SWIFT_ACTIVE_COMPILATION_CONDITIONS = "DEBUG $(inherited)";
				SWIFT_OPTIMIZATION_LEVEL = "-Onone";
			};
			name = Debug;
		};
		71AD04A82CC2A39200EFA9A3 /* Release */ = {
			isa = XCBuildConfiguration;
			buildSettings = {
				ALWAYS_SEARCH_USER_PATHS = NO;
				ASSETCATALOG_COMPILER_GENERATE_SWIFT_ASSET_SYMBOL_EXTENSIONS = YES;
				CLANG_ANALYZER_NONNULL = YES;
				CLANG_ANALYZER_NUMBER_OBJECT_CONVERSION = YES_AGGRESSIVE;
				CLANG_CXX_LANGUAGE_STANDARD = "gnu++20";
				CLANG_ENABLE_MODULES = YES;
				CLANG_ENABLE_OBJC_ARC = YES;
				CLANG_ENABLE_OBJC_WEAK = YES;
				CLANG_WARN_BLOCK_CAPTURE_AUTORELEASING = YES;
				CLANG_WARN_BOOL_CONVERSION = YES;
				CLANG_WARN_COMMA = YES;
				CLANG_WARN_CONSTANT_CONVERSION = YES;
				CLANG_WARN_DEPRECATED_OBJC_IMPLEMENTATIONS = YES;
				CLANG_WARN_DIRECT_OBJC_ISA_USAGE = YES_ERROR;
				CLANG_WARN_DOCUMENTATION_COMMENTS = YES;
				CLANG_WARN_EMPTY_BODY = YES;
				CLANG_WARN_ENUM_CONVERSION = YES;
				CLANG_WARN_INFINITE_RECURSION = YES;
				CLANG_WARN_INT_CONVERSION = YES;
				CLANG_WARN_NON_LITERAL_NULL_CONVERSION = YES;
				CLANG_WARN_OBJC_IMPLICIT_RETAIN_SELF = YES;
				CLANG_WARN_OBJC_LITERAL_CONVERSION = YES;
				CLANG_WARN_OBJC_ROOT_CLASS = YES_ERROR;
				CLANG_WARN_QUOTED_INCLUDE_IN_FRAMEWORK_HEADER = YES;
				CLANG_WARN_RANGE_LOOP_ANALYSIS = YES;
				CLANG_WARN_STRICT_PROTOTYPES = YES;
				CLANG_WARN_SUSPICIOUS_MOVE = YES;
				CLANG_WARN_UNGUARDED_AVAILABILITY = YES_AGGRESSIVE;
				CLANG_WARN_UNREACHABLE_CODE = YES;
				CLANG_WARN__DUPLICATE_METHOD_MATCH = YES;
				COPY_PHASE_STRIP = NO;
				DEBUG_INFORMATION_FORMAT = "dwarf-with-dsym";
				ENABLE_NS_ASSERTIONS = NO;
				ENABLE_STRICT_OBJC_MSGSEND = YES;
				ENABLE_USER_SCRIPT_SANDBOXING = YES;
				GCC_C_LANGUAGE_STANDARD = gnu17;
				GCC_NO_COMMON_BLOCKS = YES;
				GCC_WARN_64_TO_32_BIT_CONVERSION = YES;
				GCC_WARN_ABOUT_RETURN_TYPE = YES_ERROR;
				GCC_WARN_UNDECLARED_SELECTOR = YES;
				GCC_WARN_UNINITIALIZED_AUTOS = YES_AGGRESSIVE;
				GCC_WARN_UNUSED_FUNCTION = YES;
				GCC_WARN_UNUSED_VARIABLE = YES;
				IPHONEOS_DEPLOYMENT_TARGET = 17.2;
				LOCALIZATION_PREFERS_STRING_CATALOGS = YES;
				MTL_ENABLE_DEBUG_INFO = NO;
				MTL_FAST_MATH = YES;
				SDKROOT = iphoneos;
				SWIFT_COMPILATION_MODE = wholemodule;
				VALIDATE_PRODUCT = YES;
			};
			name = Release;
		};
		71AD04AA2CC2A39200EFA9A3 /* Debug */ = {
			isa = XCBuildConfiguration;
			buildSettings = {
				ASSETCATALOG_COMPILER_APPICON_NAME = AppIcon;
				ASSETCATALOG_COMPILER_GLOBAL_ACCENT_COLOR_NAME = AccentColor;
				CODE_SIGN_STYLE = Automatic;
				CURRENT_PROJECT_VERSION = 1;
				DEVELOPMENT_ASSET_PATHS = "\"NetworkingDemo/Preview Content\"";
				ENABLE_PREVIEWS = YES;
				GENERATE_INFOPLIST_FILE = YES;
				INFOPLIST_KEY_UIApplicationSceneManifest_Generation = YES;
				INFOPLIST_KEY_UIApplicationSupportsIndirectInputEvents = YES;
				INFOPLIST_KEY_UILaunchScreen_Generation = YES;
				INFOPLIST_KEY_UISupportedInterfaceOrientations_iPad = "UIInterfaceOrientationPortrait UIInterfaceOrientationPortraitUpsideDown UIInterfaceOrientationLandscapeLeft UIInterfaceOrientationLandscapeRight";
				INFOPLIST_KEY_UISupportedInterfaceOrientations_iPhone = "UIInterfaceOrientationPortrait UIInterfaceOrientationLandscapeLeft UIInterfaceOrientationLandscapeRight";
				LD_RUNPATH_SEARCH_PATHS = (
					"$(inherited)",
					"@executable_path/Frameworks",
				);
				MARKETING_VERSION = 1.0;
				PRODUCT_BUNDLE_IDENTIFIER = com.sahas.NetworkingDemo;
				PRODUCT_NAME = "$(TARGET_NAME)";
				SWIFT_EMIT_LOC_STRINGS = YES;
				SWIFT_VERSION = 5.0;
				TARGETED_DEVICE_FAMILY = "1,2";
			};
			name = Debug;
		};
		71AD04AB2CC2A39200EFA9A3 /* Release */ = {
			isa = XCBuildConfiguration;
			buildSettings = {
				ASSETCATALOG_COMPILER_APPICON_NAME = AppIcon;
				ASSETCATALOG_COMPILER_GLOBAL_ACCENT_COLOR_NAME = AccentColor;
				CODE_SIGN_STYLE = Automatic;
				CURRENT_PROJECT_VERSION = 1;
				DEVELOPMENT_ASSET_PATHS = "\"NetworkingDemo/Preview Content\"";
				ENABLE_PREVIEWS = YES;
				GENERATE_INFOPLIST_FILE = YES;
				INFOPLIST_KEY_UIApplicationSceneManifest_Generation = YES;
				INFOPLIST_KEY_UIApplicationSupportsIndirectInputEvents = YES;
				INFOPLIST_KEY_UILaunchScreen_Generation = YES;
				INFOPLIST_KEY_UISupportedInterfaceOrientations_iPad = "UIInterfaceOrientationPortrait UIInterfaceOrientationPortraitUpsideDown UIInterfaceOrientationLandscapeLeft UIInterfaceOrientationLandscapeRight";
				INFOPLIST_KEY_UISupportedInterfaceOrientations_iPhone = "UIInterfaceOrientationPortrait UIInterfaceOrientationLandscapeLeft UIInterfaceOrientationLandscapeRight";
				LD_RUNPATH_SEARCH_PATHS = (
					"$(inherited)",
					"@executable_path/Frameworks",
				);
				MARKETING_VERSION = 1.0;
				PRODUCT_BUNDLE_IDENTIFIER = com.sahas.NetworkingDemo;
				PRODUCT_NAME = "$(TARGET_NAME)";
				SWIFT_EMIT_LOC_STRINGS = YES;
				SWIFT_VERSION = 5.0;
				TARGETED_DEVICE_FAMILY = "1,2";
			};
			name = Release;
		};
		71AD04AD2CC2A39200EFA9A3 /* Debug */ = {
			isa = XCBuildConfiguration;
			buildSettings = {
				ALWAYS_EMBED_SWIFT_STANDARD_LIBRARIES = YES;
				BUNDLE_LOADER = "$(TEST_HOST)";
				CODE_SIGN_STYLE = Automatic;
				CURRENT_PROJECT_VERSION = 1;
				GENERATE_INFOPLIST_FILE = YES;
				IPHONEOS_DEPLOYMENT_TARGET = 17.2;
				MARKETING_VERSION = 1.0;
				PRODUCT_BUNDLE_IDENTIFIER = com.sahas.NetworkingDemoTests;
				PRODUCT_NAME = "$(TARGET_NAME)";
				SWIFT_EMIT_LOC_STRINGS = NO;
				SWIFT_VERSION = 5.0;
				TARGETED_DEVICE_FAMILY = "1,2";
				TEST_HOST = "$(BUILT_PRODUCTS_DIR)/NetworkingDemo.app/$(BUNDLE_EXECUTABLE_FOLDER_PATH)/NetworkingDemo";
			};
			name = Debug;
		};
		71AD04AE2CC2A39200EFA9A3 /* Release */ = {
			isa = XCBuildConfiguration;
			buildSettings = {
				ALWAYS_EMBED_SWIFT_STANDARD_LIBRARIES = YES;
				BUNDLE_LOADER = "$(TEST_HOST)";
				CODE_SIGN_STYLE = Automatic;
				CURRENT_PROJECT_VERSION = 1;
				GENERATE_INFOPLIST_FILE = YES;
				IPHONEOS_DEPLOYMENT_TARGET = 17.2;
				MARKETING_VERSION = 1.0;
				PRODUCT_BUNDLE_IDENTIFIER = com.sahas.NetworkingDemoTests;
				PRODUCT_NAME = "$(TARGET_NAME)";
				SWIFT_EMIT_LOC_STRINGS = NO;
				SWIFT_VERSION = 5.0;
				TARGETED_DEVICE_FAMILY = "1,2";
				TEST_HOST = "$(BUILT_PRODUCTS_DIR)/NetworkingDemo.app/$(BUNDLE_EXECUTABLE_FOLDER_PATH)/NetworkingDemo";
			};
			name = Release;
		};
		71AD04B02CC2A39200EFA9A3 /* Debug */ = {
			isa = XCBuildConfiguration;
			buildSettings = {
				ALWAYS_EMBED_SWIFT_STANDARD_LIBRARIES = YES;
				CODE_SIGN_STYLE = Automatic;
				CURRENT_PROJECT_VERSION = 1;
				GENERATE_INFOPLIST_FILE = YES;
				MARKETING_VERSION = 1.0;
				PRODUCT_BUNDLE_IDENTIFIER = com.sahas.NetworkingDemoUITests;
				PRODUCT_NAME = "$(TARGET_NAME)";
				SWIFT_EMIT_LOC_STRINGS = NO;
				SWIFT_VERSION = 5.0;
				TARGETED_DEVICE_FAMILY = "1,2";
				TEST_TARGET_NAME = NetworkingDemo;
			};
			name = Debug;
		};
		71AD04B12CC2A39200EFA9A3 /* Release */ = {
			isa = XCBuildConfiguration;
			buildSettings = {
				ALWAYS_EMBED_SWIFT_STANDARD_LIBRARIES = YES;
				CODE_SIGN_STYLE = Automatic;
				CURRENT_PROJECT_VERSION = 1;
				GENERATE_INFOPLIST_FILE = YES;
				MARKETING_VERSION = 1.0;
				PRODUCT_BUNDLE_IDENTIFIER = com.sahas.NetworkingDemoUITests;
				PRODUCT_NAME = "$(TARGET_NAME)";
				SWIFT_EMIT_LOC_STRINGS = NO;
				SWIFT_VERSION = 5.0;
				TARGETED_DEVICE_FAMILY = "1,2";
				TEST_TARGET_NAME = NetworkingDemo;
			};
			name = Release;
		};
/* End XCBuildConfiguration section */

/* Begin XCConfigurationList section */
		71AD04802CC2A38F00EFA9A3 /* Build configuration list for PBXProject "NetworkingDemo" */ = {
			isa = XCConfigurationList;
			buildConfigurations = (
				71AD04A72CC2A39200EFA9A3 /* Debug */,
				71AD04A82CC2A39200EFA9A3 /* Release */,
			);
			defaultConfigurationIsVisible = 0;
			defaultConfigurationName = Release;
		};
		71AD04A92CC2A39200EFA9A3 /* Build configuration list for PBXNativeTarget "NetworkingDemo" */ = {
			isa = XCConfigurationList;
			buildConfigurations = (
				71AD04AA2CC2A39200EFA9A3 /* Debug */,
				71AD04AB2CC2A39200EFA9A3 /* Release */,
			);
			defaultConfigurationIsVisible = 0;
			defaultConfigurationName = Release;
		};
		71AD04AC2CC2A39200EFA9A3 /* Build configuration list for PBXNativeTarget "NetworkingDemoTests" */ = {
			isa = XCConfigurationList;
			buildConfigurations = (
				71AD04AD2CC2A39200EFA9A3 /* Debug */,
				71AD04AE2CC2A39200EFA9A3 /* Release */,
			);
			defaultConfigurationIsVisible = 0;
			defaultConfigurationName = Release;
		};
		71AD04AF2CC2A39200EFA9A3 /* Build configuration list for PBXNativeTarget "NetworkingDemoUITests" */ = {
			isa = XCConfigurationList;
			buildConfigurations = (
				71AD04B02CC2A39200EFA9A3 /* Debug */,
				71AD04B12CC2A39200EFA9A3 /* Release */,
			);
			defaultConfigurationIsVisible = 0;
			defaultConfigurationName = Release;
		};
/* End XCConfigurationList section */
	};
	rootObject = 71AD047D2CC2A38F00EFA9A3 /* Project object */;
}
